
Microsoft Visual Studio Solution File, Format Version 12.00
# Visual Studio 15
VisualStudioVersion = 15.0.27428.2005
MinimumVisualStudioVersion = 10.0.40219.1
Project("{FAE04EC0-301F-11D3-BF4B-00C04F79EFBC}") = "FShangarExtender", "Source\FShangarExtender\FShangarExtender.csproj", "{4B2C871D-AA4E-4017-89B9-575A77F08ED3}"
EndProject
Project("{2150E333-8FDC-42A3-9474-1A3956D46DE8}") = "SolutionFolder", "Source\SolutionFolder", "{968B5E5D-715D-42AE-895C-183999CDA059}"
	ProjectSection(SolutionItems) = preProject
		buildRelease.bat = buildRelease.bat
		ChangeLog.txt = ChangeLog.txt
		deploy.bat = deploy.bat
		FShangarExtender.version = FShangarExtender.version
		jenkins.txt = jenkins.txt
		License.txt.txt = License.txt.txt
		README.md = README.md
	EndProjectSection
EndProject
Global
	GlobalSection(SolutionConfigurationPlatforms) = preSolution
		Debug|Any CPU = Debug|Any CPU
		Release|Any CPU = Release|Any CPU
	EndGlobalSection
	GlobalSection(ProjectConfigurationPlatforms) = postSolution
		{4B2C871D-AA4E-4017-89B9-575A77F08ED3}.Debug|Any CPU.ActiveCfg = Debug|Any CPU
		{4B2C871D-AA4E-4017-89B9-575A77F08ED3}.Debug|Any CPU.Build.0 = Debug|Any CPU
		{4B2C871D-AA4E-4017-89B9-575A77F08ED3}.Release|Any CPU.ActiveCfg = Release|Any CPU
		{4B2C871D-AA4E-4017-89B9-575A77F08ED3}.Release|Any CPU.Build.0 = Release|Any CPU
	EndGlobalSection
	GlobalSection(SolutionProperties) = preSolution
		HideSolutionNode = FALSE
	EndGlobalSection
	GlobalSection(ExtensibilityGlobals) = postSolution
		SolutionGuid = {94297A10-9BD0-49A0-924F-DC6510B1B965}
	EndGlobalSection
EndGlobal
